
Microsoft Visual Studio Solution File, Format Version 12.00
# Visual Studio Version 17
VisualStudioVersion = 17.14.36301.6
MinimumVisualStudioVersion = 10.0.40219.1
Project("{FAE04EC0-301F-11D3-BF4B-00C04F79EFBC}") = "battlesdk", "battlesdk\battlesdk.csproj", "{20712FFD-3F43-4093-9BFA-C8F6872F2B85}"
EndProject
Project("{2150E333-8FDC-42A3-9474-1A3956D46DE8}") = "Solution Items", "Solution Items", "{8EC462FD-D22E-90A8-E5CE-7E832BA40C5D}"
	ProjectSection(SolutionItems) = preProject
		.editorconfig = .editorconfig
	EndProjectSection
EndProject
Project("{FAE04EC0-301F-11D3-BF4B-00C04F79EFBC}") = "docgen", "docgen\docgen.csproj", "{930177AF-9413-4315-B31A-49CD37F466E1}"
EndProject
Project("{FAE04EC0-301F-11D3-BF4B-00C04F79EFBC}") = "battlesdk.tests", "battlesdk.tests\battlesdk.tests.csproj", "{C659FA55-F8B4-4BEB-BC23-71E54E55B1DC}"
EndProject
Project("{FAE04EC0-301F-11D3-BF4B-00C04F79EFBC}") = "battlesdk.desktop", "battlesdk.desktop\battlesdk.desktop.csproj", "{6839DF5E-3CFA-4F9E-ACE0-8222C946DA15}"
EndProject
Global
	GlobalSection(SolutionConfigurationPlatforms) = preSolution
		Debug|Any CPU = Debug|Any CPU
		Release|Any CPU = Release|Any CPU
	EndGlobalSection
	GlobalSection(ProjectConfigurationPlatforms) = postSolution
		{20712FFD-3F43-4093-9BFA-C8F6872F2B85}.Debug|Any CPU.ActiveCfg = Debug|Any CPU
		{20712FFD-3F43-4093-9BFA-C8F6872F2B85}.Debug|Any CPU.Build.0 = Debug|Any CPU
		{20712FFD-3F43-4093-9BFA-C8F6872F2B85}.Release|Any CPU.ActiveCfg = Release|Any CPU
		{20712FFD-3F43-4093-9BFA-C8F6872F2B85}.Release|Any CPU.Build.0 = Release|Any CPU
		{930177AF-9413-4315-B31A-49CD37F466E1}.Debug|Any CPU.ActiveCfg = Debug|Any CPU
		{930177AF-9413-4315-B31A-49CD37F466E1}.Debug|Any CPU.Build.0 = Debug|Any CPU
		{930177AF-9413-4315-B31A-49CD37F466E1}.Release|Any CPU.ActiveCfg = Release|Any CPU
		{930177AF-9413-4315-B31A-49CD37F466E1}.Release|Any CPU.Build.0 = Release|Any CPU
		{C659FA55-F8B4-4BEB-BC23-71E54E55B1DC}.Debug|Any CPU.ActiveCfg = Debug|Any CPU
		{C659FA55-F8B4-4BEB-BC23-71E54E55B1DC}.Debug|Any CPU.Build.0 = Debug|Any CPU
		{C659FA55-F8B4-4BEB-BC23-71E54E55B1DC}.Release|Any CPU.ActiveCfg = Release|Any CPU
		{C659FA55-F8B4-4BEB-BC23-71E54E55B1DC}.Release|Any CPU.Build.0 = Release|Any CPU
		{6839DF5E-3CFA-4F9E-ACE0-8222C946DA15}.Debug|Any CPU.ActiveCfg = Debug|Any CPU
		{6839DF5E-3CFA-4F9E-ACE0-8222C946DA15}.Debug|Any CPU.Build.0 = Debug|Any CPU
		{6839DF5E-3CFA-4F9E-ACE0-8222C946DA15}.Release|Any CPU.ActiveCfg = Release|Any CPU
		{6839DF5E-3CFA-4F9E-ACE0-8222C946DA15}.Release|Any CPU.Build.0 = Release|Any CPU
	EndGlobalSection
	GlobalSection(SolutionProperties) = preSolution
		HideSolutionNode = FALSE
	EndGlobalSection
	GlobalSection(ExtensibilityGlobals) = postSolution
		SolutionGuid = {A8BA9BDE-FE72-4C13-B840-8B9AF44339E7}
	EndGlobalSection
EndGlobal
